
Microsoft Visual Studio Solution File, Format Version 12.00
# Visual Studio Version 17
VisualStudioVersion = 17.1.32228.430
MinimumVisualStudioVersion = 10.0.40219.1
Project("{8BC9CEB8-8B4A-11D0-8D11-00A0C91BC942}") = "Mario_RPG_Game", "Mario_RPG_Game\Mario_RPG_Game.vcxproj", "{82D2A7AD-7F33-440D-AA96-C37DA3B4E003}"
EndProject
Project("{8BC9CEB8-8B4A-11D0-8D11-00A0C91BC942}") = "Mario_RPG_Engine", "Mario_RPG_Engine\Mario_RPG_Engine.vcxproj", "{A8A8E969-B1A8-4F14-942A-9286243597D1}"
EndProject
Project("{8BC9CEB8-8B4A-11D0-8D11-00A0C91BC942}") = "glfw", "glfw_build\src\glfw.vcxproj", "{4A7C4132-F72A-308F-ADAC-BF4837BD0D6D}"
EndProject
Project("{8BC9CEB8-8B4A-11D0-8D11-00A0C91BC942}") = "glad", "glad\glad.vcxproj", "{06F4A15F-41EF-4EFF-A183-60F0B9A05734}"
EndProject
Project("{8BC9CEB8-8B4A-11D0-8D11-00A0C91BC942}") = "stbi", "stbi\stbi.vcxproj", "{FF082F5E-1A6B-46DC-A998-6819DE6334CB}"
EndProject
Global
	GlobalSection(SolutionConfigurationPlatforms) = preSolution
		Debug|x64 = Debug|x64
		Debug|x86 = Debug|x86
		MinSizeRel|x64 = MinSizeRel|x64
		MinSizeRel|x86 = MinSizeRel|x86
		Release|x64 = Release|x64
		Release|x86 = Release|x86
		RelWithDebInfo|x64 = RelWithDebInfo|x64
		RelWithDebInfo|x86 = RelWithDebInfo|x86
	EndGlobalSection
	GlobalSection(ProjectConfigurationPlatforms) = postSolution
		{82D2A7AD-7F33-440D-AA96-C37DA3B4E003}.Debug|x64.ActiveCfg = Debug|x64
		{82D2A7AD-7F33-440D-AA96-C37DA3B4E003}.Debug|x64.Build.0 = Debug|x64
		{82D2A7AD-7F33-440D-AA96-C37DA3B4E003}.Debug|x86.ActiveCfg = Debug|Win32
		{82D2A7AD-7F33-440D-AA96-C37DA3B4E003}.Debug|x86.Build.0 = Debug|Win32
		{82D2A7AD-7F33-440D-AA96-C37DA3B4E003}.MinSizeRel|x64.ActiveCfg = Release|x64
		{82D2A7AD-7F33-440D-AA96-C37DA3B4E003}.MinSizeRel|x64.Build.0 = Release|x64
		{82D2A7AD-7F33-440D-AA96-C37DA3B4E003}.MinSizeRel|x86.ActiveCfg = Debug|Win32
		{82D2A7AD-7F33-440D-AA96-C37DA3B4E003}.MinSizeRel|x86.Build.0 = Debug|Win32
		{82D2A7AD-7F33-440D-AA96-C37DA3B4E003}.Release|x64.ActiveCfg = Release|x64
		{82D2A7AD-7F33-440D-AA96-C37DA3B4E003}.Release|x64.Build.0 = Release|x64
		{82D2A7AD-7F33-440D-AA96-C37DA3B4E003}.Release|x86.ActiveCfg = Release|Win32
		{82D2A7AD-7F33-440D-AA96-C37DA3B4E003}.Release|x86.Build.0 = Release|Win32
		{82D2A7AD-7F33-440D-AA96-C37DA3B4E003}.RelWithDebInfo|x64.ActiveCfg = Release|x64
		{82D2A7AD-7F33-440D-AA96-C37DA3B4E003}.RelWithDebInfo|x64.Build.0 = Release|x64
		{82D2A7AD-7F33-440D-AA96-C37DA3B4E003}.RelWithDebInfo|x86.ActiveCfg = Release|Win32
		{82D2A7AD-7F33-440D-AA96-C37DA3B4E003}.RelWithDebInfo|x86.Build.0 = Release|Win32
		{A8A8E969-B1A8-4F14-942A-9286243597D1}.Debug|x64.ActiveCfg = Debug|x64
		{A8A8E969-B1A8-4F14-942A-9286243597D1}.Debug|x64.Build.0 = Debug|x64
		{A8A8E969-B1A8-4F14-942A-9286243597D1}.Debug|x86.ActiveCfg = Debug|Win32
		{A8A8E969-B1A8-4F14-942A-9286243597D1}.Debug|x86.Build.0 = Debug|Win32
		{A8A8E969-B1A8-4F14-942A-9286243597D1}.MinSizeRel|x64.ActiveCfg = Release|x64
		{A8A8E969-B1A8-4F14-942A-9286243597D1}.MinSizeRel|x64.Build.0 = Release|x64
		{A8A8E969-B1A8-4F14-942A-9286243597D1}.MinSizeRel|x86.ActiveCfg = Debug|Win32
		{A8A8E969-B1A8-4F14-942A-9286243597D1}.MinSizeRel|x86.Build.0 = Debug|Win32
		{A8A8E969-B1A8-4F14-942A-9286243597D1}.Release|x64.ActiveCfg = Release|x64
		{A8A8E969-B1A8-4F14-942A-9286243597D1}.Release|x64.Build.0 = Release|x64
		{A8A8E969-B1A8-4F14-942A-9286243597D1}.Release|x86.ActiveCfg = Release|Win32
		{A8A8E969-B1A8-4F14-942A-9286243597D1}.Release|x86.Build.0 = Release|Win32
		{A8A8E969-B1A8-4F14-942A-9286243597D1}.RelWithDebInfo|x64.ActiveCfg = Release|x64
		{A8A8E969-B1A8-4F14-942A-9286243597D1}.RelWithDebInfo|x64.Build.0 = Release|x64
		{A8A8E969-B1A8-4F14-942A-9286243597D1}.RelWithDebInfo|x86.ActiveCfg = Release|Win32
		{A8A8E969-B1A8-4F14-942A-9286243597D1}.RelWithDebInfo|x86.Build.0 = Release|Win32
		{4A7C4132-F72A-308F-ADAC-BF4837BD0D6D}.Debug|x64.ActiveCfg = Debug|x64
		{4A7C4132-F72A-308F-ADAC-BF4837BD0D6D}.Debug|x64.Build.0 = Debug|x64
		{4A7C4132-F72A-308F-ADAC-BF4837BD0D6D}.Debug|x86.ActiveCfg = Debug|x64
		{4A7C4132-F72A-308F-ADAC-BF4837BD0D6D}.Debug|x86.Build.0 = Debug|x64
		{4A7C4132-F72A-308F-ADAC-BF4837BD0D6D}.MinSizeRel|x64.ActiveCfg = MinSizeRel|x64
		{4A7C4132-F72A-308F-ADAC-BF4837BD0D6D}.MinSizeRel|x64.Build.0 = MinSizeRel|x64
		{4A7C4132-F72A-308F-ADAC-BF4837BD0D6D}.MinSizeRel|x86.ActiveCfg = MinSizeRel|x64
		{4A7C4132-F72A-308F-ADAC-BF4837BD0D6D}.MinSizeRel|x86.Build.0 = MinSizeRel|x64
		{4A7C4132-F72A-308F-ADAC-BF4837BD0D6D}.Release|x64.ActiveCfg = Release|x64
		{4A7C4132-F72A-308F-ADAC-BF4837BD0D6D}.Release|x64.Build.0 = Release|x64
		{4A7C4132-F72A-308F-ADAC-BF4837BD0D6D}.Release|x86.ActiveCfg = Release|x64
		{4A7C4132-F72A-308F-ADAC-BF4837BD0D6D}.Release|x86.Build.0 = Release|x64
		{4A7C4132-F72A-308F-ADAC-BF4837BD0D6D}.RelWithDebInfo|x64.ActiveCfg = RelWithDebInfo|x64
		{4A7C4132-F72A-308F-ADAC-BF4837BD0D6D}.RelWithDebInfo|x64.Build.0 = RelWithDebInfo|x64
		{4A7C4132-F72A-308F-ADAC-BF4837BD0D6D}.RelWithDebInfo|x86.ActiveCfg = RelWithDebInfo|x64
		{4A7C4132-F72A-308F-ADAC-BF4837BD0D6D}.RelWithDebInfo|x86.Build.0 = RelWithDebInfo|x64
		{06F4A15F-41EF-4EFF-A183-60F0B9A05734}.Debug|x64.ActiveCfg = Debug|x64
		{06F4A15F-41EF-4EFF-A183-60F0B9A05734}.Debug|x64.Build.0 = Debug|x64
		{06F4A15F-41EF-4EFF-A183-60F0B9A05734}.Debug|x86.ActiveCfg = Debug|Win32
		{06F4A15F-41EF-4EFF-A183-60F0B9A05734}.Debug|x86.Build.0 = Debug|Win32
		{06F4A15F-41EF-4EFF-A183-60F0B9A05734}.MinSizeRel|x64.ActiveCfg = Debug|x64
		{06F4A15F-41EF-4EFF-A183-60F0B9A05734}.MinSizeRel|x64.Build.0 = Debug|x64
		{06F4A15F-41EF-4EFF-A183-60F0B9A05734}.MinSizeRel|x86.ActiveCfg = Debug|Win32
		{06F4A15F-41EF-4EFF-A183-60F0B9A05734}.MinSizeRel|x86.Build.0 = Debug|Win32
		{06F4A15F-41EF-4EFF-A183-60F0B9A05734}.Release|x64.ActiveCfg = Release|x64
		{06F4A15F-41EF-4EFF-A183-60F0B9A05734}.Release|x64.Build.0 = Release|x64
		{06F4A15F-41EF-4EFF-A183-60F0B9A05734}.Release|x86.ActiveCfg = Release|Win32
		{06F4A15F-41EF-4EFF-A183-60F0B9A05734}.Release|x86.Build.0 = Release|Win32
		{06F4A15F-41EF-4EFF-A183-60F0B9A05734}.RelWithDebInfo|x64.ActiveCfg = Release|x64
		{06F4A15F-41EF-4EFF-A183-60F0B9A05734}.RelWithDebInfo|x64.Build.0 = Release|x64
		{06F4A15F-41EF-4EFF-A183-60F0B9A05734}.RelWithDebInfo|x86.ActiveCfg = Release|Win32
		{06F4A15F-41EF-4EFF-A183-60F0B9A05734}.RelWithDebInfo|x86.Build.0 = Release|Win32
		{FF082F5E-1A6B-46DC-A998-6819DE6334CB}.Debug|x64.ActiveCfg = Debug|x64
		{FF082F5E-1A6B-46DC-A998-6819DE6334CB}.Debug|x64.Build.0 = Debug|x64
		{FF082F5E-1A6B-46DC-A998-6819DE6334CB}.Debug|x86.ActiveCfg = Debug|Win32
		{FF082F5E-1A6B-46DC-A998-6819DE6334CB}.Debug|x86.Build.0 = Debug|Win32
		{FF082F5E-1A6B-46DC-A998-6819DE6334CB}.MinSizeRel|x64.ActiveCfg = Debug|x64
		{FF082F5E-1A6B-46DC-A998-6819DE6334CB}.MinSizeRel|x64.Build.0 = Debug|x64
		{FF082F5E-1A6B-46DC-A998-6819DE6334CB}.MinSizeRel|x86.ActiveCfg = Debug|Win32
		{FF082F5E-1A6B-46DC-A998-6819DE6334CB}.MinSizeRel|x86.Build.0 = Debug|Win32
		{FF082F5E-1A6B-46DC-A998-6819DE6334CB}.Release|x64.ActiveCfg = Release|x64
		{FF082F5E-1A6B-46DC-A998-6819DE6334CB}.Release|x64.Build.0 = Release|x64
		{FF082F5E-1A6B-46DC-A998-6819DE6334CB}.Release|x86.ActiveCfg = Release|Win32
		{FF082F5E-1A6B-46DC-A998-6819DE6334CB}.Release|x86.Build.0 = Release|Win32
		{FF082F5E-1A6B-46DC-A998-6819DE6334CB}.RelWithDebInfo|x64.ActiveCfg = Release|x64
		{FF082F5E-1A6B-46DC-A998-6819DE6334CB}.RelWithDebInfo|x64.Build.0 = Release|x64
		{FF082F5E-1A6B-46DC-A998-6819DE6334CB}.RelWithDebInfo|x86.ActiveCfg = Release|Win32
		{FF082F5E-1A6B-46DC-A998-6819DE6334CB}.RelWithDebInfo|x86.Build.0 = Release|Win32
	EndGlobalSection
	GlobalSection(SolutionProperties) = preSolution
		HideSolutionNode = FALSE
	EndGlobalSection
	GlobalSection(ExtensibilityGlobals) = postSolution
		SolutionGuid = {BF75466A-211E-43B2-A2C1-B068FC618B92}
	EndGlobalSection
EndGlobal
